
Microsoft Visual Studio Solution File, Format Version 12.00
# Visual Studio Version 16
VisualStudioVersion = 16.0.32228.343
MinimumVisualStudioVersion = 10.0.40219.1
Project("{FAE04EC0-301F-11D3-BF4B-00C04F79EFBC}") = "empleyee", "empleyee\empleyee.csproj", "{64BD548F-8C5D-450E-A52B-9E3DBBB50B8E}"
EndProject
Global
	GlobalSection(SolutionConfigurationPlatforms) = preSolution
		Debug|Any CPU = Debug|Any CPU
		Release|Any CPU = Release|Any CPU
	EndGlobalSection
	GlobalSection(ProjectConfigurationPlatforms) = postSolution
		{64BD548F-8C5D-450E-A52B-9E3DBBB50B8E}.Debug|Any CPU.ActiveCfg = Debug|Any CPU
		{64BD548F-8C5D-450E-A52B-9E3DBBB50B8E}.Debug|Any CPU.Build.0 = Debug|Any CPU
		{64BD548F-8C5D-450E-A52B-9E3DBBB50B8E}.Release|Any CPU.ActiveCfg = Release|Any CPU
		{64BD548F-8C5D-450E-A52B-9E3DBBB50B8E}.Release|Any CPU.Build.0 = Release|Any CPU
	EndGlobalSection
	GlobalSection(SolutionProperties) = preSolution
		HideSolutionNode = FALSE
	EndGlobalSection
	GlobalSection(ExtensibilityGlobals) = postSolution
		SolutionGuid = {04E7D28A-E9AB-45B1-8DFD-640E45AB892E}
	EndGlobalSection
EndGlobal
